
Microsoft Visual Studio Solution File, Format Version 12.00
# Visual Studio Version 17
VisualStudioVersion = 17.4.33205.214
MinimumVisualStudioVersion = 10.0.40219.1
Project("{FAE04EC0-301F-11D3-BF4B-00C04F79EFBC}") = "SignalRDemo", "SignalRDemo\SignalRDemo.csproj", "{FEA09093-E2A2-413F-9A3C-4095E95FD674}"
EndProject
Global
	GlobalSection(SolutionConfigurationPlatforms) = preSolution
		Debug|Any CPU = Debug|Any CPU
		Release|Any CPU = Release|Any CPU
	EndGlobalSection
	GlobalSection(ProjectConfigurationPlatforms) = postSolution
		{FEA09093-E2A2-413F-9A3C-4095E95FD674}.Debug|Any CPU.ActiveCfg = Debug|Any CPU
		{FEA09093-E2A2-413F-9A3C-4095E95FD674}.Debug|Any CPU.Build.0 = Debug|Any CPU
		{FEA09093-E2A2-413F-9A3C-4095E95FD674}.Release|Any CPU.ActiveCfg = Release|Any CPU
		{FEA09093-E2A2-413F-9A3C-4095E95FD674}.Release|Any CPU.Build.0 = Release|Any CPU
	EndGlobalSection
	GlobalSection(SolutionProperties) = preSolution
		HideSolutionNode = FALSE
	EndGlobalSection
	GlobalSection(ExtensibilityGlobals) = postSolution
		SolutionGuid = {7137A7B2-B6B3-4A88-8DBA-9060BB4AE6BF}
	EndGlobalSection
EndGlobal
